# This file was autogenerated by uv via the following command:
#    uv export --frozen --no-hashes --no-emit-project --group swe --group dev -o requirements-replay.lock
aiofiles==25.1.0
    # via prime-sandboxes
aiohappyeyeballs==2.7.1
    # via aiohttp
aiohttp==3.14.1
    # via
    #   fsspec
    #   modal
    #   verifiers
aiolimiter==1.2.1
    # via verifiers
aiosignal==1.4.0
    # via aiohttp
annotated-doc==0.0.4
    # via typer
annotated-types==0.7.0
    # via pydantic
anthropic==0.116.0
    # via verifiers
antlr4-python3-runtime==4.13.2
    # via latex2sympy2-extended
anyio==4.14.1
    # via
    #   anthropic
    #   httpx
    #   mcp
    #   openai
    #   sse-starlette
    #   starlette
    #   watchfiles
attrs==26.1.0
    # via
    #   aiohttp
    #   jsonschema
    #   referencing
beautifulsoup4==4.15.0
    # via swebench
cbor2==6.1.3
    # via modal
certifi==2026.6.17
    # via
    #   httpcore
    #   httpx
    #   modal
    #   requests
cffi==2.0.0 ; implementation_name == 'pypy' or platform_python_implementation != 'PyPy'
    # via
    #   cryptography
    #   pyzmq
cfgv==3.5.0
    # via pre-commit
chardet==7.4.3
    # via swebench
charset-normalizer==3.4.8
    # via requests
click==8.4.2
    # via
    #   huggingface-hub
    #   modal
    #   uvicorn
colorama==0.4.6 ; sys_platform == 'win32'
    # via
    #   click
    #   loguru
    #   pytest
    #   tqdm
    #   typer
connect-python==0.9.0
    # via prime-sandboxes
cryptography==49.0.0
    # via pyjwt
cuda-bindings==13.3.1 ; sys_platform == 'linux'
    # via torch
cuda-pathfinder==1.5.6 ; sys_platform == 'linux'
    # via cuda-bindings
cuda-toolkit==13.0.3.0 ; sys_platform == 'linux'
    # via torch
datasets==4.6.1
    # via
    #   swebench
    #   verifiers
dill==0.4.0
    # via
    #   datasets
    #   multiprocess
distlib==0.4.3
    # via virtualenv
distro==1.9.0
    # via
    #   anthropic
    #   openai
docker==7.1.0
    # via swebench
docstring-parser==0.18.0
    # via anthropic
fastcore==1.14.3
    # via ghapi
filelock==3.29.5
    # via
    #   datasets
    #   huggingface-hub
    #   python-discovery
    #   torch
    #   virtualenv
frozenlist==1.8.0
    # via
    #   aiohttp
    #   aiosignal
fsspec==2026.2.0
    # via
    #   datasets
    #   huggingface-hub
    #   torch
gepa==0.1.1
    # via verifiers
ghapi==1.1.0
    # via swebench
gitdb==4.0.12
    # via gitpython
gitpython==3.1.50
    # via swebench
griffelib==2.1.0
    # via openai-agents
grpclib==0.4.9
    # via modal
h11==0.16.0
    # via
    #   httpcore
    #   uvicorn
h2==4.3.0
    # via grpclib
hf-xet==1.5.1 ; platform_machine == 'AMD64' or platform_machine == 'aarch64' or platform_machine == 'amd64' or platform_machine == 'arm64' or platform_machine == 'x86_64'
    # via huggingface-hub
hpack==4.2.0
    # via h2
httpcore==1.0.9
    # via httpx
httpx==0.28.1
    # via
    #   anthropic
    #   datasets
    #   huggingface-hub
    #   mcp
    #   openai
    #   prime-sandboxes
    #   prime-tunnel
    #   verifiers
httpx-sse==0.4.3
    # via mcp
huggingface-hub==1.22.0
    # via
    #   datasets
    #   tokenizers
    #   transformers
hyperframe==6.1.0
    # via h2
identify==2.6.19
    # via pre-commit
idna==3.18
    # via
    #   anyio
    #   httpx
    #   requests
    #   yarl
iniconfig==2.3.0
    # via pytest
jinja2==3.1.6
    # via
    #   renderers
    #   torch
jiter==0.16.0
    # via
    #   anthropic
    #   openai
jsonschema==4.26.0
    # via mcp
jsonschema-specifications==2025.9.1
    # via jsonschema
latex2sympy2-extended==1.11.0
    # via math-verify
loguru==0.7.3
    # via verifiers
markdown-it-py==4.2.0
    # via rich
markupsafe==3.0.3
    # via jinja2
math-verify==0.9.0
    # via verifiers
mcp==1.28.1
    # via
    #   openai-agents
    #   verifiers
mdurl==0.1.2
    # via markdown-it-py
modal==1.5.1
    # via swebench
mpmath==1.3.0
    # via sympy
msgpack==1.2.1
    # via verifiers
multidict==6.7.1
    # via
    #   aiohttp
    #   grpclib
    #   yarl
multiprocess==0.70.18
    # via datasets
networkx==3.6.1
    # via torch
nodeenv==1.10.0
    # via pre-commit
numpy==2.5.1
    # via
    #   datasets
    #   pandas
    #   renderers
    #   transformers
    #   verifiers
nvidia-cublas==13.1.1.3 ; sys_platform == 'linux'
    # via
    #   cuda-toolkit
    #   nvidia-cudnn-cu13
    #   nvidia-cusolver
nvidia-cuda-cupti==13.0.85 ; (platform_machine == 'aarch64' and sys_platform == 'linux') or (platform_machine == 'x86_64' and sys_platform == 'linux')
    # via cuda-toolkit
nvidia-cuda-nvrtc==13.0.88 ; sys_platform == 'linux'
    # via
    #   cuda-toolkit
    #   nvidia-cublas
nvidia-cuda-runtime==13.0.96 ; (platform_machine == 'aarch64' and sys_platform == 'linux') or (platform_machine == 'x86_64' and sys_platform == 'linux')
    # via cuda-toolkit
nvidia-cudnn-cu13==9.20.0.48 ; sys_platform == 'linux'
    # via torch
nvidia-cufft==12.0.0.61 ; (platform_machine == 'aarch64' and sys_platform == 'linux') or (platform_machine == 'x86_64' and sys_platform == 'linux')
    # via cuda-toolkit
nvidia-cufile==1.15.1.6 ; (platform_machine == 'aarch64' and sys_platform == 'linux') or (platform_machine == 'x86_64' and sys_platform == 'linux')
    # via cuda-toolkit
nvidia-curand==10.4.0.35 ; (platform_machine == 'aarch64' and sys_platform == 'linux') or (platform_machine == 'x86_64' and sys_platform == 'linux')
    # via cuda-toolkit
nvidia-cusolver==12.0.4.66 ; (platform_machine == 'aarch64' and sys_platform == 'linux') or (platform_machine == 'x86_64' and sys_platform == 'linux')
    # via cuda-toolkit
nvidia-cusparse==12.6.3.3 ; (platform_machine == 'aarch64' and sys_platform == 'linux') or (platform_machine == 'x86_64' and sys_platform == 'linux')
    # via
    #   cuda-toolkit
    #   nvidia-cusolver
nvidia-cusparselt-cu13==0.8.1 ; sys_platform == 'linux'
    # via torch
nvidia-nccl-cu13==2.29.7 ; sys_platform == 'linux'
    # via torch
nvidia-nvjitlink==13.3.33 ; (platform_machine == 'aarch64' and sys_platform == 'linux') or (platform_machine == 'x86_64' and sys_platform == 'linux')
    # via
    #   cuda-toolkit
    #   nvidia-cufft
    #   nvidia-cusolver
    #   nvidia-cusparse
nvidia-nvshmem-cu13==3.4.5 ; sys_platform == 'linux'
    # via torch
nvidia-nvtx==13.0.85 ; (platform_machine == 'aarch64' and sys_platform == 'linux') or (platform_machine == 'x86_64' and sys_platform == 'linux')
    # via cuda-toolkit
openai==2.44.0
    # via
    #   openai-agents
    #   renderers
    #   verifiers
openai-agents==0.17.7
    # via verifiers
openai-harmony==0.0.8
    # via renderers
opentelemetry-api==1.43.0
    # via pyqwest
packaging==26.2
    # via
    #   datasets
    #   huggingface-hub
    #   pytest
    #   transformers
pandas==3.0.3
    # via datasets
pillow==12.3.0
platformdirs==4.10.0
    # via
    #   python-discovery
    #   virtualenv
pluggy==1.6.0
    # via pytest
pre-commit==4.6.0
    # via swebench
prime-pydantic-config==0.3.0.dev86
    # via
    #   renderers
    #   verifiers
prime-sandboxes==0.2.28
    # via verifiers
prime-tunnel==0.1.10
    # via verifiers
propcache==0.5.2
    # via
    #   aiohttp
    #   yarl
protobuf==6.33.6
    # via
    #   connect-python
    #   modal
    #   prime-sandboxes
pyarrow==24.0.0
    # via datasets
pycparser==3.0 ; (implementation_name != 'PyPy' and platform_python_implementation != 'PyPy') or (implementation_name == 'pypy' and platform_python_implementation == 'PyPy')
    # via cffi
pydantic==2.13.4
    # via
    #   anthropic
    #   mcp
    #   openai
    #   openai-agents
    #   openai-harmony
    #   prime-pydantic-config
    #   prime-sandboxes
    #   prime-tunnel
    #   pydantic-settings
    #   repoharness2
    #   verifiers
pydantic-core==2.46.4
    # via pydantic
pydantic-settings==2.14.2
    # via mcp
pygments==2.20.0
    # via
    #   pytest
    #   rich
pyjwt==2.13.0
    # via mcp
pyqwest==0.6.2
    # via connect-python
pytest==9.1.1
    # via pytest-asyncio
pytest-asyncio==1.4.0
python-dateutil==2.9.0.post0
    # via pandas
python-discovery==1.4.3
    # via virtualenv
python-dotenv==1.2.2
    # via
    #   pydantic-settings
    #   swebench
python-multipart==0.0.32
    # via mcp
pywin32==312 ; sys_platform == 'win32'
    # via
    #   docker
    #   mcp
pyyaml==6.0.3
    # via
    #   datasets
    #   huggingface-hub
    #   pre-commit
    #   transformers
pyzmq==27.1.0
    # via verifiers
referencing==0.37.0
    # via
    #   jsonschema
    #   jsonschema-specifications
regex==2026.6.28
    # via
    #   tiktoken
    #   transformers
renderers==0.1.8.dev54
    # via verifiers
requests==2.34.2
    # via
    #   datasets
    #   docker
    #   openai-agents
    #   swebench
    #   tiktoken
    #   verifiers
rich==15.0.0
    # via
    #   modal
    #   swebench
    #   typer
    #   verifiers
rpds-py==2026.6.3
    # via
    #   jsonschema
    #   referencing
ruff==0.16.0
safetensors==0.8.0
    # via transformers
setproctitle==1.3.7
    # via verifiers
setuptools==83.0.0
    # via torch
shellingham==1.5.4
    # via typer
six==1.17.0
    # via python-dateutil
smmap==5.0.3
    # via gitdb
sniffio==1.3.1
    # via
    #   anthropic
    #   openai
soupsieve==2.8.4
    # via beautifulsoup4
sse-starlette==3.4.5
    # via mcp
starlette==1.3.1
    # via
    #   mcp
    #   sse-starlette
swebench==4.1.0
sympy==1.14.0
    # via
    #   latex2sympy2-extended
    #   torch
synchronicity==0.12.5
    # via modal
tenacity==9.1.4
    # via
    #   prime-sandboxes
    #   prime-tunnel
    #   swebench
    #   verifiers
tiktoken==0.13.0
    # via renderers
tokenizers==0.22.2
    # via transformers
toml==0.10.2
    # via modal
tomli==2.4.1
    # via prime-pydantic-config
tomli-w==1.2.0
    # via verifiers
torch==2.13.0
tqdm==4.68.3
    # via
    #   datasets
    #   huggingface-hub
    #   openai
    #   swebench
    #   transformers
transformers==5.13.0
    # via renderers
triton==3.7.1 ; sys_platform == 'linux'
    # via torch
typer==0.26.8
    # via transformers
types-certifi==2021.10.8.3
    # via modal
types-toml==0.10.8.20260518
    # via modal
typing-extensions==4.16.0
    # via
    #   aiohttp
    #   aiosignal
    #   anthropic
    #   anyio
    #   beautifulsoup4
    #   huggingface-hub
    #   mcp
    #   modal
    #   openai
    #   openai-agents
    #   opentelemetry-api
    #   pydantic
    #   pydantic-core
    #   pytest-asyncio
    #   referencing
    #   starlette
    #   synchronicity
    #   torch
    #   typing-inspection
typing-inspection==0.4.2
    # via
    #   mcp
    #   pydantic
    #   pydantic-settings
tzdata==2026.2 ; sys_platform == 'emscripten' or sys_platform == 'win32'
    # via pandas
unidiff==0.7.5
    # via swebench
urllib3==2.7.0
    # via
    #   docker
    #   requests
uvicorn==0.50.2 ; sys_platform != 'emscripten'
    # via mcp
uvloop==0.22.1 ; platform_python_implementation != 'PyPy' and sys_platform != 'cygwin' and sys_platform != 'win32'
    # via verifiers
verifiers @ git+https://github.com/PrimeIntellect-ai/verifiers@5885ab9c54152e707af2a11797aa52c3eb1752da
    # via repoharness2
virtualenv==21.6.0
    # via pre-commit
watchfiles==1.2.0
    # via modal
websockets==16.0
    # via openai-agents
win32-setctime==1.2.0 ; sys_platform == 'win32'
    # via loguru
xxhash==3.8.1
    # via datasets
yarl==1.24.2
    # via aiohttp
